
Microsoft Visual Studio Solution File, Format Version 12.00
# Visual Studio Version 17
VisualStudioVersion = 17.11.35303.130
MinimumVisualStudioVersion = 10.0.40219.1
Project("{8BC9CEB8-8B4A-11D0-8D11-00A0C91BC942}") = "LB4.2", "LB4.2\LB4.2.vcxproj", "{4879921A-20A6-472D-8E35-0EABA24D6E37}"
EndProject
Global
	GlobalSection(SolutionConfigurationPlatforms) = preSolution
		Debug|x64 = Debug|x64
		Debug|x86 = Debug|x86
		Release|x64 = Release|x64
		Release|x86 = Release|x86
	EndGlobalSection
	GlobalSection(ProjectConfigurationPlatforms) = postSolution
		{4879921A-20A6-472D-8E35-0EABA24D6E37}.Debug|x64.ActiveCfg = Debug|x64
		{4879921A-20A6-472D-8E35-0EABA24D6E37}.Debug|x64.Build.0 = Debug|x64
		{4879921A-20A6-472D-8E35-0EABA24D6E37}.Debug|x86.ActiveCfg = Debug|Win32
		{4879921A-20A6-472D-8E35-0EABA24D6E37}.Debug|x86.Build.0 = Debug|Win32
		{4879921A-20A6-472D-8E35-0EABA24D6E37}.Release|x64.ActiveCfg = Release|x64
		{4879921A-20A6-472D-8E35-0EABA24D6E37}.Release|x64.Build.0 = Release|x64
		{4879921A-20A6-472D-8E35-0EABA24D6E37}.Release|x86.ActiveCfg = Release|Win32
		{4879921A-20A6-472D-8E35-0EABA24D6E37}.Release|x86.Build.0 = Release|Win32
	EndGlobalSection
	GlobalSection(SolutionProperties) = preSolution
		HideSolutionNode = FALSE
	EndGlobalSection
	GlobalSection(ExtensibilityGlobals) = postSolution
		SolutionGuid = {03B633F2-0D9D-4111-B9D3-40CB563E7656}
	EndGlobalSection
EndGlobal
